
Microsoft Visual Studio Solution File, Format Version 12.00
# Visual Studio Version 17
VisualStudioVersion = 17.5.33402.96
MinimumVisualStudioVersion = 10.0.40219.1
Project("{FAE04EC0-301F-11D3-BF4B-00C04F79EFBC}") = "MakeMoney.Domain", "MakeMoney.Domain\MakeMoney.Domain.csproj", "{0B900129-5277-48AA-8476-430BB91886E3}"
EndProject
Global
	GlobalSection(SolutionConfigurationPlatforms) = preSolution
		Debug|Any CPU = Debug|Any CPU
		Release|Any CPU = Release|Any CPU
	EndGlobalSection
	GlobalSection(ProjectConfigurationPlatforms) = postSolution
		{0B900129-5277-48AA-8476-430BB91886E3}.Debug|Any CPU.ActiveCfg = Debug|Any CPU
		{0B900129-5277-48AA-8476-430BB91886E3}.Debug|Any CPU.Build.0 = Debug|Any CPU
		{0B900129-5277-48AA-8476-430BB91886E3}.Release|Any CPU.ActiveCfg = Release|Any CPU
		{0B900129-5277-48AA-8476-430BB91886E3}.Release|Any CPU.Build.0 = Release|Any CPU
	EndGlobalSection
	GlobalSection(SolutionProperties) = preSolution
		HideSolutionNode = FALSE
	EndGlobalSection
	GlobalSection(ExtensibilityGlobals) = postSolution
		SolutionGuid = {7A4EA703-09D4-4D85-866A-109394DF9E4C}
	EndGlobalSection
EndGlobal
