
Microsoft Visual Studio Solution File, Format Version 12.00
# Visual Studio Version 17
VisualStudioVersion = 17.5.33402.96
MinimumVisualStudioVersion = 10.0.40219.1
Project("{9A19103F-16F7-4668-BE54-9A1E7A4F7556}") = "MakeMoney.Domain", "MakeMoney.Domain\MakeMoney.Domain.csproj", "{0B900129-5277-48AA-8476-430BB91886E3}"
EndProject
Project("{FAE04EC0-301F-11D3-BF4B-00C04F79EFBC}") = "MakeMoney.Domain.Abstraction", "MakeMoney.Domain.Abstraction\MakeMoney.Domain.Abstraction.csproj", "{230C8089-86D9-4F3B-83B8-931F02213250}"
EndProject
Project("{FAE04EC0-301F-11D3-BF4B-00C04F79EFBC}") = "MakeMoney.EntityFrameworkCore", "MakeMoney.EntityFrameworkCore\MakeMoney.EntityFrameworkCore.csproj", "{0196A855-E034-432F-B321-626A50045BC7}"
EndProject
Project("{FAE04EC0-301F-11D3-BF4B-00C04F79EFBC}") = "MakeMoney.WebApi", "MakeMoney.WebApi\MakeMoney.WebApi.csproj", "{7275BD96-C9F5-4A40-89D5-1AC4B734D7FA}"
EndProject
Project("{2150E333-8FDC-42A3-9474-1A3956D46DE8}") = "src", "src", "{AE3058A3-16CC-4D27-B31C-860E7D9E7CDE}"
EndProject
Project("{2150E333-8FDC-42A3-9474-1A3956D46DE8}") = "test", "test", "{128F7D3C-16DA-49D6-A09D-B217698B37DB}"
EndProject
Project("{FAE04EC0-301F-11D3-BF4B-00C04F79EFBC}") = "MakeMoney.DomainTests", "MakeMoney.DomainTests\MakeMoney.DomainTests.csproj", "{B599812F-182C-4FFA-88EB-25DA1E7F4C64}"
EndProject
Project("{FAE04EC0-301F-11D3-BF4B-00C04F79EFBC}") = "MakeMoney.EntityFrameworkCoreTests", "MakeMoney.EntityFrameworkCoreTests\MakeMoney.EntityFrameworkCoreTests.csproj", "{7AE324AD-07F8-4D6A-AFC8-B7D0C2CE0068}"
EndProject
Project("{FAE04EC0-301F-11D3-BF4B-00C04F79EFBC}") = "MakeMoney.WebApiTests", "MakeMoney.WebApiTests\MakeMoney.WebApiTests.csproj", "{21116C88-E8B7-48D2-B118-F85506A36E59}"
EndProject
Project("{FAE04EC0-301F-11D3-BF4B-00C04F79EFBC}") = "MakeMoney.Domain.AbstractionTests", "MakeMoney.Domain.AbstractionTests\MakeMoney.Domain.AbstractionTests.csproj", "{49906791-9B37-4591-85FC-BF1E6FFA7E48}"
EndProject
Global
	GlobalSection(SolutionConfigurationPlatforms) = preSolution
		Debug|Any CPU = Debug|Any CPU
		Release|Any CPU = Release|Any CPU
	EndGlobalSection
	GlobalSection(ProjectConfigurationPlatforms) = postSolution
		{0B900129-5277-48AA-8476-430BB91886E3}.Debug|Any CPU.ActiveCfg = Debug|Any CPU
		{0B900129-5277-48AA-8476-430BB91886E3}.Debug|Any CPU.Build.0 = Debug|Any CPU
		{0B900129-5277-48AA-8476-430BB91886E3}.Release|Any CPU.ActiveCfg = Release|Any CPU
		{0B900129-5277-48AA-8476-430BB91886E3}.Release|Any CPU.Build.0 = Release|Any CPU
		{230C8089-86D9-4F3B-83B8-931F02213250}.Debug|Any CPU.ActiveCfg = Debug|Any CPU
		{230C8089-86D9-4F3B-83B8-931F02213250}.Debug|Any CPU.Build.0 = Debug|Any CPU
		{230C8089-86D9-4F3B-83B8-931F02213250}.Release|Any CPU.ActiveCfg = Release|Any CPU
		{230C8089-86D9-4F3B-83B8-931F02213250}.Release|Any CPU.Build.0 = Release|Any CPU
		{0196A855-E034-432F-B321-626A50045BC7}.Debug|Any CPU.ActiveCfg = Debug|Any CPU
		{0196A855-E034-432F-B321-626A50045BC7}.Debug|Any CPU.Build.0 = Debug|Any CPU
		{0196A855-E034-432F-B321-626A50045BC7}.Release|Any CPU.ActiveCfg = Release|Any CPU
		{0196A855-E034-432F-B321-626A50045BC7}.Release|Any CPU.Build.0 = Release|Any CPU
		{7275BD96-C9F5-4A40-89D5-1AC4B734D7FA}.Debug|Any CPU.ActiveCfg = Debug|Any CPU
		{7275BD96-C9F5-4A40-89D5-1AC4B734D7FA}.Debug|Any CPU.Build.0 = Debug|Any CPU
		{7275BD96-C9F5-4A40-89D5-1AC4B734D7FA}.Release|Any CPU.ActiveCfg = Release|Any CPU
		{7275BD96-C9F5-4A40-89D5-1AC4B734D7FA}.Release|Any CPU.Build.0 = Release|Any CPU
		{B599812F-182C-4FFA-88EB-25DA1E7F4C64}.Debug|Any CPU.ActiveCfg = Debug|Any CPU
		{B599812F-182C-4FFA-88EB-25DA1E7F4C64}.Debug|Any CPU.Build.0 = Debug|Any CPU
		{B599812F-182C-4FFA-88EB-25DA1E7F4C64}.Release|Any CPU.ActiveCfg = Release|Any CPU
		{B599812F-182C-4FFA-88EB-25DA1E7F4C64}.Release|Any CPU.Build.0 = Release|Any CPU
		{7AE324AD-07F8-4D6A-AFC8-B7D0C2CE0068}.Debug|Any CPU.ActiveCfg = Debug|Any CPU
		{7AE324AD-07F8-4D6A-AFC8-B7D0C2CE0068}.Debug|Any CPU.Build.0 = Debug|Any CPU
		{7AE324AD-07F8-4D6A-AFC8-B7D0C2CE0068}.Release|Any CPU.ActiveCfg = Release|Any CPU
		{7AE324AD-07F8-4D6A-AFC8-B7D0C2CE0068}.Release|Any CPU.Build.0 = Release|Any CPU
		{21116C88-E8B7-48D2-B118-F85506A36E59}.Debug|Any CPU.ActiveCfg = Debug|Any CPU
		{21116C88-E8B7-48D2-B118-F85506A36E59}.Debug|Any CPU.Build.0 = Debug|Any CPU
		{21116C88-E8B7-48D2-B118-F85506A36E59}.Release|Any CPU.ActiveCfg = Release|Any CPU
		{21116C88-E8B7-48D2-B118-F85506A36E59}.Release|Any CPU.Build.0 = Release|Any CPU
		{49906791-9B37-4591-85FC-BF1E6FFA7E48}.Debug|Any CPU.ActiveCfg = Debug|Any CPU
		{49906791-9B37-4591-85FC-BF1E6FFA7E48}.Debug|Any CPU.Build.0 = Debug|Any CPU
		{49906791-9B37-4591-85FC-BF1E6FFA7E48}.Release|Any CPU.ActiveCfg = Release|Any CPU
		{49906791-9B37-4591-85FC-BF1E6FFA7E48}.Release|Any CPU.Build.0 = Release|Any CPU
	EndGlobalSection
	GlobalSection(SolutionProperties) = preSolution
		HideSolutionNode = FALSE
	EndGlobalSection
	GlobalSection(NestedProjects) = preSolution
		{0B900129-5277-48AA-8476-430BB91886E3} = {AE3058A3-16CC-4D27-B31C-860E7D9E7CDE}
		{230C8089-86D9-4F3B-83B8-931F02213250} = {AE3058A3-16CC-4D27-B31C-860E7D9E7CDE}
		{0196A855-E034-432F-B321-626A50045BC7} = {AE3058A3-16CC-4D27-B31C-860E7D9E7CDE}
		{7275BD96-C9F5-4A40-89D5-1AC4B734D7FA} = {AE3058A3-16CC-4D27-B31C-860E7D9E7CDE}
		{B599812F-182C-4FFA-88EB-25DA1E7F4C64} = {128F7D3C-16DA-49D6-A09D-B217698B37DB}
		{7AE324AD-07F8-4D6A-AFC8-B7D0C2CE0068} = {128F7D3C-16DA-49D6-A09D-B217698B37DB}
		{21116C88-E8B7-48D2-B118-F85506A36E59} = {128F7D3C-16DA-49D6-A09D-B217698B37DB}
		{49906791-9B37-4591-85FC-BF1E6FFA7E48} = {128F7D3C-16DA-49D6-A09D-B217698B37DB}
	EndGlobalSection
	GlobalSection(ExtensibilityGlobals) = postSolution
		SolutionGuid = {7A4EA703-09D4-4D85-866A-109394DF9E4C}
	EndGlobalSection
EndGlobal
